
Microsoft Visual Studio Solution File, Format Version 12.00
# Visual Studio Version 16
VisualStudioVersion = 16.0.30804.86
MinimumVisualStudioVersion = 10.0.40219.1
Project("{9A19103F-16F7-4668-BE54-9A1E7A4F7556}") = "TechChallenge", "src\TechChallenge\TechChallenge.csproj", "{47799AC4-9854-4B37-9BAA-08FBC98C03E8}"
EndProject
Project("{9A19103F-16F7-4668-BE54-9A1E7A4F7556}") = "TechChallenge.Infra", "src\TechChallenge.Infra\TechChallenge.Infra.csproj", "{FF9EB413-3440-42C9-AA97-EE35E90869D9}"
EndProject
Project("{9A19103F-16F7-4668-BE54-9A1E7A4F7556}") = "TechChallenge.Data", "src\TechChallenge.Data\TechChallenge.Data.csproj", "{AF165F4E-481F-4458-9D80-B96B32EBE11F}"
EndProject
Project("{9A19103F-16F7-4668-BE54-9A1E7A4F7556}") = "TechChallenge.Application", "src\TechChallenge.Application\TechChallenge.Application.csproj", "{6D62D0B2-6CC3-49A5-B661-98483B79D747}"
EndProject
Project("{9A19103F-16F7-4668-BE54-9A1E7A4F7556}") = "TechChallenge.Test", "tests\TechChallenge.Test\TechChallenge.Test.csproj", "{855496E2-435D-45E1-9D01-9E6F1A48EDBC}"
EndProject
Project("{2150E333-8FDC-42A3-9474-1A3956D46DE8}") = "src", "src", "{83C63007-BE86-4FCE-BAFD-1F427D5A50B8}"
EndProject
Project("{2150E333-8FDC-42A3-9474-1A3956D46DE8}") = "tests", "tests", "{9693EC5A-EEED-4E80-A76B-775DAA74D64D}"
EndProject
Project("{FAE04EC0-301F-11D3-BF4B-00C04F79EFBC}") = "TechChallenge.Application.Test", "tests\TechChallenge.Application.Test\TechChallenge.Application.Test.csproj", "{83BE9419-1FB0-40CB-A8C8-E6771CD977D3}"
EndProject
Global
	GlobalSection(SolutionConfigurationPlatforms) = preSolution
		Debug|Any CPU = Debug|Any CPU
		Release|Any CPU = Release|Any CPU
	EndGlobalSection
	GlobalSection(ProjectConfigurationPlatforms) = postSolution
		{47799AC4-9854-4B37-9BAA-08FBC98C03E8}.Debug|Any CPU.ActiveCfg = Debug|Any CPU
		{47799AC4-9854-4B37-9BAA-08FBC98C03E8}.Debug|Any CPU.Build.0 = Debug|Any CPU
		{47799AC4-9854-4B37-9BAA-08FBC98C03E8}.Release|Any CPU.ActiveCfg = Release|Any CPU
		{47799AC4-9854-4B37-9BAA-08FBC98C03E8}.Release|Any CPU.Build.0 = Release|Any CPU
		{FF9EB413-3440-42C9-AA97-EE35E90869D9}.Debug|Any CPU.ActiveCfg = Debug|Any CPU
		{FF9EB413-3440-42C9-AA97-EE35E90869D9}.Debug|Any CPU.Build.0 = Debug|Any CPU
		{FF9EB413-3440-42C9-AA97-EE35E90869D9}.Release|Any CPU.ActiveCfg = Release|Any CPU
		{FF9EB413-3440-42C9-AA97-EE35E90869D9}.Release|Any CPU.Build.0 = Release|Any CPU
		{AF165F4E-481F-4458-9D80-B96B32EBE11F}.Debug|Any CPU.ActiveCfg = Debug|Any CPU
		{AF165F4E-481F-4458-9D80-B96B32EBE11F}.Debug|Any CPU.Build.0 = Debug|Any CPU
		{AF165F4E-481F-4458-9D80-B96B32EBE11F}.Release|Any CPU.ActiveCfg = Release|Any CPU
		{AF165F4E-481F-4458-9D80-B96B32EBE11F}.Release|Any CPU.Build.0 = Release|Any CPU
		{6D62D0B2-6CC3-49A5-B661-98483B79D747}.Debug|Any CPU.ActiveCfg = Debug|Any CPU
		{6D62D0B2-6CC3-49A5-B661-98483B79D747}.Debug|Any CPU.Build.0 = Debug|Any CPU
		{6D62D0B2-6CC3-49A5-B661-98483B79D747}.Release|Any CPU.ActiveCfg = Release|Any CPU
		{6D62D0B2-6CC3-49A5-B661-98483B79D747}.Release|Any CPU.Build.0 = Release|Any CPU
		{855496E2-435D-45E1-9D01-9E6F1A48EDBC}.Debug|Any CPU.ActiveCfg = Debug|Any CPU
		{855496E2-435D-45E1-9D01-9E6F1A48EDBC}.Debug|Any CPU.Build.0 = Debug|Any CPU
		{855496E2-435D-45E1-9D01-9E6F1A48EDBC}.Release|Any CPU.ActiveCfg = Release|Any CPU
		{855496E2-435D-45E1-9D01-9E6F1A48EDBC}.Release|Any CPU.Build.0 = Release|Any CPU
		{83BE9419-1FB0-40CB-A8C8-E6771CD977D3}.Debug|Any CPU.ActiveCfg = Debug|Any CPU
		{83BE9419-1FB0-40CB-A8C8-E6771CD977D3}.Debug|Any CPU.Build.0 = Debug|Any CPU
		{83BE9419-1FB0-40CB-A8C8-E6771CD977D3}.Release|Any CPU.ActiveCfg = Release|Any CPU
		{83BE9419-1FB0-40CB-A8C8-E6771CD977D3}.Release|Any CPU.Build.0 = Release|Any CPU
	EndGlobalSection
	GlobalSection(SolutionProperties) = preSolution
		HideSolutionNode = FALSE
	EndGlobalSection
	GlobalSection(NestedProjects) = preSolution
		{47799AC4-9854-4B37-9BAA-08FBC98C03E8} = {83C63007-BE86-4FCE-BAFD-1F427D5A50B8}
		{FF9EB413-3440-42C9-AA97-EE35E90869D9} = {83C63007-BE86-4FCE-BAFD-1F427D5A50B8}
		{AF165F4E-481F-4458-9D80-B96B32EBE11F} = {83C63007-BE86-4FCE-BAFD-1F427D5A50B8}
		{6D62D0B2-6CC3-49A5-B661-98483B79D747} = {83C63007-BE86-4FCE-BAFD-1F427D5A50B8}
		{855496E2-435D-45E1-9D01-9E6F1A48EDBC} = {9693EC5A-EEED-4E80-A76B-775DAA74D64D}
		{83BE9419-1FB0-40CB-A8C8-E6771CD977D3} = {9693EC5A-EEED-4E80-A76B-775DAA74D64D}
	EndGlobalSection
	GlobalSection(ExtensibilityGlobals) = postSolution
		SolutionGuid = {D41446A2-80DA-49AD-9761-E28FB380289D}
	EndGlobalSection
EndGlobal
